// !$*UTF8*$!
{
	archiveVersion = 1;
	classes = {
	};
	objectVersion = 56;
	objects = {

/* Begin PBXBuildFile section */
		6335C4342A24A3850011F72D /* AppDelegate.swift in Sources */ = {isa = PBXBuildFile; fileRef = 6335C4332A24A3850011F72D /* AppDelegate.swift */; };
		6335C4362A24A3850011F72D /* SceneDelegate.swift in Sources */ = {isa = PBXBuildFile; fileRef = 6335C4352A24A3850011F72D /* SceneDelegate.swift */; };
		6335C4382A24A3850011F72D /* ViewController.swift in Sources */ = {isa = PBXBuildFile; fileRef = 6335C4372A24A3850011F72D /* ViewController.swift */; };
		6335C43B2A24A3850011F72D /* Main.storyboard in Resources */ = {isa = PBXBuildFile; fileRef = 6335C4392A24A3850011F72D /* Main.storyboard */; };
		6335C43D2A24A3870011F72D /* Assets.xcassets in Resources */ = {isa = PBXBuildFile; fileRef = 6335C43C2A24A3870011F72D /* Assets.xcassets */; };
		6335C4402A24A3870011F72D /* LaunchScreen.storyboard in Resources */ = {isa = PBXBuildFile; fileRef = 6335C43E2A24A3870011F72D /* LaunchScreen.storyboard */; };
		6335C44B2A24A3870011F72D /* NewsAppTests.swift in Sources */ = {isa = PBXBuildFile; fileRef = 6335C44A2A24A3870011F72D /* NewsAppTests.swift */; };
		6335C4552A24A3870011F72D /* NewsAppUITests.swift in Sources */ = {isa = PBXBuildFile; fileRef = 6335C4542A24A3870011F72D /* NewsAppUITests.swift */; };
		6335C4572A24A3870011F72D /* NewsAppUITestsLaunchTests.swift in Sources */ = {isa = PBXBuildFile; fileRef = 6335C4562A24A3870011F72D /* NewsAppUITestsLaunchTests.swift */; };
		6335C4642A24A4E10011F72D /* APICaller.swift in Sources */ = {isa = PBXBuildFile; fileRef = 6335C4632A24A4E10011F72D /* APICaller.swift */; };
		6335C4682A24C46B0011F72D /* NewsCell.swift in Sources */ = {isa = PBXBuildFile; fileRef = 6335C4672A24C46B0011F72D /* NewsCell.swift */; };
		636A82B52A2525590094945F /* CategoryCollectionViewCell.swift in Sources */ = {isa = PBXBuildFile; fileRef = 636A82B42A2525590094945F /* CategoryCollectionViewCell.swift */; };
		636A82B92A25326C0094945F /* SearchViewController.swift in Sources */ = {isa = PBXBuildFile; fileRef = 636A82B82A25326C0094945F /* SearchViewController.swift */; };
		63891CEC2A2DF79100A33300 /* News Category.swift in Sources */ = {isa = PBXBuildFile; fileRef = 63891CEB2A2DF79100A33300 /* News Category.swift */; };
		63891CEE2A2DF7B400A33300 /* APIResponse.swift in Sources */ = {isa = PBXBuildFile; fileRef = 63891CED2A2DF7B400A33300 /* APIResponse.swift */; };
		63891CF02A2DF7CD00A33300 /* Articles.swift in Sources */ = {isa = PBXBuildFile; fileRef = 63891CEF2A2DF7CD00A33300 /* Articles.swift */; };
/* End PBXBuildFile section */

/* Begin PBXContainerItemProxy section */
		6335C4472A24A3870011F72D /* PBXContainerItemProxy */ = {
			isa = PBXContainerItemProxy;
			containerPortal = 6335C4282A24A3850011F72D /* Project object */;
			proxyType = 1;
			remoteGlobalIDString = 6335C42F2A24A3850011F72D;
			remoteInfo = NewsApp;
		};
		6335C4512A24A3870011F72D /* PBXContainerItemProxy */ = {
			isa = PBXContainerItemProxy;
			containerPortal = 6335C4282A24A3850011F72D /* Project object */;
			proxyType = 1;
			remoteGlobalIDString = 6335C42F2A24A3850011F72D;
			remoteInfo = NewsApp;
		};
/* End PBXContainerItemProxy section */

/* Begin PBXFileReference section */
		6335C4302A24A3850011F72D /* NewsApp.app */ = {isa = PBXFileReference; explicitFileType = wrapper.application; includeInIndex = 0; path = NewsApp.app; sourceTree = BUILT_PRODUCTS_DIR; };
		6335C4332A24A3850011F72D /* AppDelegate.swift */ = {isa = PBXFileReference; lastKnownFileType = sourcecode.swift; path = AppDelegate.swift; sourceTree = "<group>"; };
		6335C4352A24A3850011F72D /* SceneDelegate.swift */ = {isa = PBXFileReference; lastKnownFileType = sourcecode.swift; path = SceneDelegate.swift; sourceTree = "<group>"; };
		6335C4372A24A3850011F72D /* ViewController.swift */ = {isa = PBXFileReference; lastKnownFileType = sourcecode.swift; path = ViewController.swift; sourceTree = "<group>"; };
		6335C43A2A24A3850011F72D /* Base */ = {isa = PBXFileReference; lastKnownFileType = file.storyboard; name = Base; path = Base.lproj/Main.storyboard; sourceTree = "<group>"; };
		6335C43C2A24A3870011F72D /* Assets.xcassets */ = {isa = PBXFileReference; lastKnownFileType = folder.assetcatalog; path = Assets.xcassets; sourceTree = "<group>"; };
		6335C43F2A24A3870011F72D /* Base */ = {isa = PBXFileReference; lastKnownFileType = file.storyboard; name = Base; path = Base.lproj/LaunchScreen.storyboard; sourceTree = "<group>"; };
		6335C4412A24A3870011F72D /* Info.plist */ = {isa = PBXFileReference; lastKnownFileType = text.plist.xml; path = Info.plist; sourceTree = "<group>"; };
		6335C4462A24A3870011F72D /* NewsAppTests.xctest */ = {isa = PBXFileReference; explicitFileType = wrapper.cfbundle; includeInIndex = 0; path = NewsAppTests.xctest; sourceTree = BUILT_PRODUCTS_DIR; };
		6335C44A2A24A3870011F72D /* NewsAppTests.swift */ = {isa = PBXFileReference; lastKnownFileType = sourcecode.swift; path = NewsAppTests.swift; sourceTree = "<group>"; };
		6335C4502A24A3870011F72D /* NewsAppUITests.xctest */ = {isa = PBXFileReference; explicitFileType = wrapper.cfbundle; includeInIndex = 0; path = NewsAppUITests.xctest; sourceTree = BUILT_PRODUCTS_DIR; };
		6335C4542A24A3870011F72D /* NewsAppUITests.swift */ = {isa = PBXFileReference; lastKnownFileType = sourcecode.swift; path = NewsAppUITests.swift; sourceTree = "<group>"; };
		6335C4562A24A3870011F72D /* NewsAppUITestsLaunchTests.swift */ = {isa = PBXFileReference; lastKnownFileType = sourcecode.swift; path = NewsAppUITestsLaunchTests.swift; sourceTree = "<group>"; };
		6335C4632A24A4E10011F72D /* APICaller.swift */ = {isa = PBXFileReference; lastKnownFileType = sourcecode.swift; path = APICaller.swift; sourceTree = "<group>"; };
		6335C4672A24C46B0011F72D /* NewsCell.swift */ = {isa = PBXFileReference; lastKnownFileType = sourcecode.swift; path = NewsCell.swift; sourceTree = "<group>"; };
		636A82B42A2525590094945F /* CategoryCollectionViewCell.swift */ = {isa = PBXFileReference; lastKnownFileType = sourcecode.swift; path = CategoryCollectionViewCell.swift; sourceTree = "<group>"; };
		636A82B82A25326C0094945F /* SearchViewController.swift */ = {isa = PBXFileReference; lastKnownFileType = sourcecode.swift; path = SearchViewController.swift; sourceTree = "<group>"; };
		63891CEB2A2DF79100A33300 /* News Category.swift */ = {isa = PBXFileReference; lastKnownFileType = sourcecode.swift; path = "News Category.swift"; sourceTree = "<group>"; };
		63891CED2A2DF7B400A33300 /* APIResponse.swift */ = {isa = PBXFileReference; lastKnownFileType = sourcecode.swift; path = APIResponse.swift; sourceTree = "<group>"; };
		63891CEF2A2DF7CD00A33300 /* Articles.swift */ = {isa = PBXFileReference; lastKnownFileType = sourcecode.swift; path = Articles.swift; sourceTree = "<group>"; };
/* End PBXFileReference section */

/* Begin PBXFrameworksBuildPhase section */
		6335C42D2A24A3850011F72D /* Frameworks */ = {
			isa = PBXFrameworksBuildPhase;
			buildActionMask = 2147483647;
			files = (
			);
			runOnlyForDeploymentPostprocessing = 0;
		};
		6335C4432A24A3870011F72D /* Frameworks */ = {
			isa = PBXFrameworksBuildPhase;
			buildActionMask = 2147483647;
			files = (
			);
			runOnlyForDeploymentPostprocessing = 0;
		};
		6335C44D2A24A3870011F72D /* Frameworks */ = {
			isa = PBXFrameworksBuildPhase;
			buildActionMask = 2147483647;
			files = (
			);
			runOnlyForDeploymentPostprocessing = 0;
		};
/* End PBXFrameworksBuildPhase section */

/* Begin PBXGroup section */
		6335C4272A24A3850011F72D = {
			isa = PBXGroup;
			children = (
				6335C4322A24A3850011F72D /* NewsApp */,
				6335C4492A24A3870011F72D /* NewsAppTests */,
				6335C4532A24A3870011F72D /* NewsAppUITests */,
				6335C4312A24A3850011F72D /* Products */,
			);
			sourceTree = "<group>";
		};
		6335C4312A24A3850011F72D /* Products */ = {
			isa = PBXGroup;
			children = (
				6335C4302A24A3850011F72D /* NewsApp.app */,
				6335C4462A24A3870011F72D /* NewsAppTests.xctest */,
				6335C4502A24A3870011F72D /* NewsAppUITests.xctest */,
			);
			name = Products;
			sourceTree = "<group>";
		};
		6335C4322A24A3850011F72D /* NewsApp */ = {
			isa = PBXGroup;
			children = (
				63891CEA2A2DF77000A33300 /* Models */,
				63891CE92A2DF76100A33300 /* Custom Cells */,
				63891CE82A2DF74800A33300 /* API */,
				63891CE72A2DF72800A33300 /* Views */,
				6335C4332A24A3850011F72D /* AppDelegate.swift */,
				6335C4352A24A3850011F72D /* SceneDelegate.swift */,
				6335C4392A24A3850011F72D /* Main.storyboard */,
				6335C43C2A24A3870011F72D /* Assets.xcassets */,
				6335C43E2A24A3870011F72D /* LaunchScreen.storyboard */,
				6335C4412A24A3870011F72D /* Info.plist */,
			);
			path = NewsApp;
			sourceTree = "<group>";
		};
		6335C4492A24A3870011F72D /* NewsAppTests */ = {
			isa = PBXGroup;
			children = (
				6335C44A2A24A3870011F72D /* NewsAppTests.swift */,
			);
			path = NewsAppTests;
			sourceTree = "<group>";
		};
		6335C4532A24A3870011F72D /* NewsAppUITests */ = {
			isa = PBXGroup;
			children = (
				6335C4542A24A3870011F72D /* NewsAppUITests.swift */,
				6335C4562A24A3870011F72D /* NewsAppUITestsLaunchTests.swift */,
			);
			path = NewsAppUITests;
			sourceTree = "<group>";
		};
		63891CE72A2DF72800A33300 /* Views */ = {
			isa = PBXGroup;
			children = (
				6335C4372A24A3850011F72D /* ViewController.swift */,
				636A82B82A25326C0094945F /* SearchViewController.swift */,
			);
			path = Views;
			sourceTree = "<group>";
		};
		63891CE82A2DF74800A33300 /* API */ = {
			isa = PBXGroup;
			children = (
				6335C4632A24A4E10011F72D /* APICaller.swift */,
			);
			path = API;
			sourceTree = "<group>";
		};
		63891CE92A2DF76100A33300 /* Custom Cells */ = {
			isa = PBXGroup;
			children = (
				636A82B42A2525590094945F /* CategoryCollectionViewCell.swift */,
				6335C4672A24C46B0011F72D /* NewsCell.swift */,
			);
			path = "Custom Cells";
			sourceTree = "<group>";
		};
		63891CEA2A2DF77000A33300 /* Models */ = {
			isa = PBXGroup;
			children = (
				63891CEB2A2DF79100A33300 /* News Category.swift */,
				63891CED2A2DF7B400A33300 /* APIResponse.swift */,
				63891CEF2A2DF7CD00A33300 /* Articles.swift */,
			);
			path = Models;
			sourceTree = "<group>";
		};
/* End PBXGroup section */

/* Begin PBXNativeTarget section */
		6335C42F2A24A3850011F72D /* NewsApp */ = {
			isa = PBXNativeTarget;
			buildConfigurationList = 6335C45A2A24A3870011F72D /* Build configuration list for PBXNativeTarget "NewsApp" */;
			buildPhases = (
				6335C42C2A24A3850011F72D /* Sources */,
				6335C42D2A24A3850011F72D /* Frameworks */,
				6335C42E2A24A3850011F72D /* Resources */,
			);
			buildRules = (
			);
			dependencies = (
			);
			name = NewsApp;
			productName = NewsApp;
			productReference = 6335C4302A24A3850011F72D /* NewsApp.app */;
			productType = "com.apple.product-type.application";
		};
		6335C4452A24A3870011F72D /* NewsAppTests */ = {
			isa = PBXNativeTarget;
			buildConfigurationList = 6335C45D2A24A3870011F72D /* Build configuration list for PBXNativeTarget "NewsAppTests" */;
			buildPhases = (
				6335C4422A24A3870011F72D /* Sources */,
				6335C4432A24A3870011F72D /* Frameworks */,
				6335C4442A24A3870011F72D /* Resources */,
			);
			buildRules = (
			);
			dependencies = (
				6335C4482A24A3870011F72D /* PBXTargetDependency */,
			);
			name = NewsAppTests;
			productName = NewsAppTests;
			productReference = 6335C4462A24A3870011F72D /* NewsAppTests.xctest */;
			productType = "com.apple.product-type.bundle.unit-test";
		};
		6335C44F2A24A3870011F72D /* NewsAppUITests */ = {
			isa = PBXNativeTarget;
			buildConfigurationList = 6335C4602A24A3870011F72D /* Build configuration list for PBXNativeTarget "NewsAppUITests" */;
			buildPhases = (
				6335C44C2A24A3870011F72D /* Sources */,
				6335C44D2A24A3870011F72D /* Frameworks */,
				6335C44E2A24A3870011F72D /* Resources */,
			);
			buildRules = (
			);
			dependencies = (
				6335C4522A24A3870011F72D /* PBXTargetDependency */,
			);
			name = NewsAppUITests;
			productName = NewsAppUITests;
			productReference = 6335C4502A24A3870011F72D /* NewsAppUITests.xctest */;
			productType = "com.apple.product-type.bundle.ui-testing";
		};
/* End PBXNativeTarget section */

/* Begin PBXProject section */
		6335C4282A24A3850011F72D /* Project object */ = {
			isa = PBXProject;
			attributes = {
				BuildIndependentTargetsInParallel = 1;
				LastSwiftUpdateCheck = 1430;
				LastUpgradeCheck = 1430;
				TargetAttributes = {
					6335C42F2A24A3850011F72D = {
						CreatedOnToolsVersion = 14.3;
					};
					6335C4452A24A3870011F72D = {
						CreatedOnToolsVersion = 14.3;
						TestTargetID = 6335C42F2A24A3850011F72D;
					};
					6335C44F2A24A3870011F72D = {
						CreatedOnToolsVersion = 14.3;
						TestTargetID = 6335C42F2A24A3850011F72D;
					};
				};
			};
			buildConfigurationList = 6335C42B2A24A3850011F72D /* Build configuration list for PBXProject "NewsApp" */;
			compatibilityVersion = "Xcode 14.0";
			developmentRegion = en;
			hasScannedForEncodings = 0;
			knownRegions = (
				en,
				Base,
			);
			mainGroup = 6335C4272A24A3850011F72D;
			productRefGroup = 6335C4312A24A3850011F72D /* Products */;
			projectDirPath = "";
			projectRoot = "";
			targets = (
				6335C42F2A24A3850011F72D /* NewsApp */,
				6335C4452A24A3870011F72D /* NewsAppTests */,
				6335C44F2A24A3870011F72D /* NewsAppUITests */,
			);
		};
/* End PBXProject section */

/* Begin PBXResourcesBuildPhase section */
		6335C42E2A24A3850011F72D /* Resources */ = {
			isa = PBXResourcesBuildPhase;
			buildActionMask = 2147483647;
			files = (
				6335C4402A24A3870011F72D /* LaunchScreen.storyboard in Resources */,
				6335C43D2A24A3870011F72D /* Assets.xcassets in Resources */,
				6335C43B2A24A3850011F72D /* Main.storyboard in Resources */,
			);
			runOnlyForDeploymentPostprocessing = 0;
		};
		6335C4442A24A3870011F72D /* Resources */ = {
			isa = PBXResourcesBuildPhase;
			buildActionMask = 2147483647;
			files = (
			);
			runOnlyForDeploymentPostprocessing = 0;
		};
		6335C44E2A24A3870011F72D /* Resources */ = {
			isa = PBXResourcesBuildPhase;
			buildActionMask = 2147483647;
			files = (
			);
			runOnlyForDeploymentPostprocessing = 0;
		};
/* End PBXResourcesBuildPhase section */

/* Begin PBXSourcesBuildPhase section */
		6335C42C2A24A3850011F72D /* Sources */ = {
			isa = PBXSourcesBuildPhase;
			buildActionMask = 2147483647;
			files = (
				6335C4382A24A3850011F72D /* ViewController.swift in Sources */,
				63891CEC2A2DF79100A33300 /* News Category.swift in Sources */,
				636A82B92A25326C0094945F /* SearchViewController.swift in Sources */,
				6335C4342A24A3850011F72D /* AppDelegate.swift in Sources */,
				6335C4362A24A3850011F72D /* SceneDelegate.swift in Sources */,
				6335C4642A24A4E10011F72D /* APICaller.swift in Sources */,
				63891CF02A2DF7CD00A33300 /* Articles.swift in Sources */,
				636A82B52A2525590094945F /* CategoryCollectionViewCell.swift in Sources */,
				6335C4682A24C46B0011F72D /* NewsCell.swift in Sources */,
				63891CEE2A2DF7B400A33300 /* APIResponse.swift in Sources */,
			);
			runOnlyForDeploymentPostprocessing = 0;
		};
		6335C4422A24A3870011F72D /* Sources */ = {
			isa = PBXSourcesBuildPhase;
			buildActionMask = 2147483647;
			files = (
				6335C44B2A24A3870011F72D /* NewsAppTests.swift in Sources */,
			);
			runOnlyForDeploymentPostprocessing = 0;
		};
		6335C44C2A24A3870011F72D /* Sources */ = {
			isa = PBXSourcesBuildPhase;
			buildActionMask = 2147483647;
			files = (
				6335C4552A24A3870011F72D /* NewsAppUITests.swift in Sources */,
				6335C4572A24A3870011F72D /* NewsAppUITestsLaunchTests.swift in Sources */,
			);
			runOnlyForDeploymentPostprocessing = 0;
		};
/* End PBXSourcesBuildPhase section */

/* Begin PBXTargetDependency section */
		6335C4482A24A3870011F72D /* PBXTargetDependency */ = {
			isa = PBXTargetDependency;
			target = 6335C42F2A24A3850011F72D /* NewsApp */;
			targetProxy = 6335C4472A24A3870011F72D /* PBXContainerItemProxy */;
		};
		6335C4522A24A3870011F72D /* PBXTargetDependency */ = {
			isa = PBXTargetDependency;
			target = 6335C42F2A24A3850011F72D /* NewsApp */;
			targetProxy = 6335C4512A24A3870011F72D /* PBXContainerItemProxy */;
		};
/* End PBXTargetDependency section */

/* Begin PBXVariantGroup section */
		6335C4392A24A3850011F72D /* Main.storyboard */ = {
			isa = PBXVariantGroup;
			children = (
				6335C43A2A24A3850011F72D /* Base */,
			);
			name = Main.storyboard;
			sourceTree = "<group>";
		};
		6335C43E2A24A3870011F72D /* LaunchScreen.storyboard */ = {
			isa = PBXVariantGroup;
			children = (
				6335C43F2A24A3870011F72D /* Base */,
			);
			name = LaunchScreen.storyboard;
			sourceTree = "<group>";
		};
/* End PBXVariantGroup section */

/* Begin XCBuildConfiguration section */
		6335C4582A24A3870011F72D /* Debug */ = {
			isa = XCBuildConfiguration;
			buildSettings = {
				ALWAYS_SEARCH_USER_PATHS = NO;
				CLANG_ANALYZER_NONNULL = YES;
				CLANG_ANALYZER_NUMBER_OBJECT_CONVERSION = YES_AGGRESSIVE;
				CLANG_CXX_LANGUAGE_STANDARD = "gnu++20";
				CLANG_ENABLE_MODULES = YES;
				CLANG_ENABLE_OBJC_ARC = YES;
				CLANG_ENABLE_OBJC_WEAK = YES;
				CLANG_WARN_BLOCK_CAPTURE_AUTORELEASING = YES;
				CLANG_WARN_BOOL_CONVERSION = YES;
				CLANG_WARN_COMMA = YES;
				CLANG_WARN_CONSTANT_CONVERSION = YES;
				CLANG_WARN_DEPRECATED_OBJC_IMPLEMENTATIONS = YES;
				CLANG_WARN_DIRECT_OBJC_ISA_USAGE = YES_ERROR;
				CLANG_WARN_DOCUMENTATION_COMMENTS = YES;
				CLANG_WARN_EMPTY_BODY = YES;
				CLANG_WARN_ENUM_CONVERSION = YES;
				CLANG_WARN_INFINITE_RECURSION = YES;
				CLANG_WARN_INT_CONVERSION = YES;
				CLANG_WARN_NON_LITERAL_NULL_CONVERSION = YES;
				CLANG_WARN_OBJC_IMPLICIT_RETAIN_SELF = YES;
				CLANG_WARN_OBJC_LITERAL_CONVERSION = YES;
				CLANG_WARN_OBJC_ROOT_CLASS = YES_ERROR;
				CLANG_WARN_QUOTED_INCLUDE_IN_FRAMEWORK_HEADER = YES;
				CLANG_WARN_RANGE_LOOP_ANALYSIS = YES;
				CLANG_WARN_STRICT_PROTOTYPES = YES;
				CLANG_WARN_SUSPICIOUS_MOVE = YES;
				CLANG_WARN_UNGUARDED_AVAILABILITY = YES_AGGRESSIVE;
				CLANG_WARN_UNREACHABLE_CODE = YES;
				CLANG_WARN__DUPLICATE_METHOD_MATCH = YES;
				COPY_PHASE_STRIP = NO;
				DEBUG_INFORMATION_FORMAT = dwarf;
				ENABLE_STRICT_OBJC_MSGSEND = YES;
				ENABLE_TESTABILITY = YES;
				GCC_C_LANGUAGE_STANDARD = gnu11;
				GCC_DYNAMIC_NO_PIC = NO;
				GCC_NO_COMMON_BLOCKS = YES;
				GCC_OPTIMIZATION_LEVEL = 0;
				GCC_PREPROCESSOR_DEFINITIONS = (
					"DEBUG=1",
					"$(inherited)",
				);
				GCC_WARN_64_TO_32_BIT_CONVERSION = YES;
				GCC_WARN_ABOUT_RETURN_TYPE = YES_ERROR;
				GCC_WARN_UNDECLARED_SELECTOR = YES;
				GCC_WARN_UNINITIALIZED_AUTOS = YES_AGGRESSIVE;
				GCC_WARN_UNUSED_FUNCTION = YES;
				GCC_WARN_UNUSED_VARIABLE = YES;
				IPHONEOS_DEPLOYMENT_TARGET = 16.4;
				MTL_ENABLE_DEBUG_INFO = INCLUDE_SOURCE;
				MTL_FAST_MATH = YES;
				ONLY_ACTIVE_ARCH = YES;
				SDKROOT = iphoneos;
				SWIFT_ACTIVE_COMPILATION_CONDITIONS = DEBUG;
				SWIFT_OPTIMIZATION_LEVEL = "-Onone";
			};
			name = Debug;
		};
		6335C4592A24A3870011F72D /* Release */ = {
			isa = XCBuildConfiguration;
			buildSettings = {
				ALWAYS_SEARCH_USER_PATHS = NO;
				CLANG_ANALYZER_NONNULL = YES;
				CLANG_ANALYZER_NUMBER_OBJECT_CONVERSION = YES_AGGRESSIVE;
				CLANG_CXX_LANGUAGE_STANDARD = "gnu++20";
				CLANG_ENABLE_MODULES = YES;
				CLANG_ENABLE_OBJC_ARC = YES;
				CLANG_ENABLE_OBJC_WEAK = YES;
				CLANG_WARN_BLOCK_CAPTURE_AUTORELEASING = YES;
				CLANG_WARN_BOOL_CONVERSION = YES;
				CLANG_WARN_COMMA = YES;
				CLANG_WARN_CONSTANT_CONVERSION = YES;
				CLANG_WARN_DEPRECATED_OBJC_IMPLEMENTATIONS = YES;
				CLANG_WARN_DIRECT_OBJC_ISA_USAGE = YES_ERROR;
				CLANG_WARN_DOCUMENTATION_COMMENTS = YES;
				CLANG_WARN_EMPTY_BODY = YES;
				CLANG_WARN_ENUM_CONVERSION = YES;
				CLANG_WARN_INFINITE_RECURSION = YES;
				CLANG_WARN_INT_CONVERSION = YES;
				CLANG_WARN_NON_LITERAL_NULL_CONVERSION = YES;
				CLANG_WARN_OBJC_IMPLICIT_RETAIN_SELF = YES;
				CLANG_WARN_OBJC_LITERAL_CONVERSION = YES;
				CLANG_WARN_OBJC_ROOT_CLASS = YES_ERROR;
				CLANG_WARN_QUOTED_INCLUDE_IN_FRAMEWORK_HEADER = YES;
				CLANG_WARN_RANGE_LOOP_ANALYSIS = YES;
				CLANG_WARN_STRICT_PROTOTYPES = YES;
				CLANG_WARN_SUSPICIOUS_MOVE = YES;
				CLANG_WARN_UNGUARDED_AVAILABILITY = YES_AGGRESSIVE;
				CLANG_WARN_UNREACHABLE_CODE = YES;
				CLANG_WARN__DUPLICATE_METHOD_MATCH = YES;
				COPY_PHASE_STRIP = NO;
				DEBUG_INFORMATION_FORMAT = "dwarf-with-dsym";
				ENABLE_NS_ASSERTIONS = NO;
				ENABLE_STRICT_OBJC_MSGSEND = YES;
				GCC_C_LANGUAGE_STANDARD = gnu11;
				GCC_NO_COMMON_BLOCKS = YES;
				GCC_WARN_64_TO_32_BIT_CONVERSION = YES;
				GCC_WARN_ABOUT_RETURN_TYPE = YES_ERROR;
				GCC_WARN_UNDECLARED_SELECTOR = YES;
				GCC_WARN_UNINITIALIZED_AUTOS = YES_AGGRESSIVE;
				GCC_WARN_UNUSED_FUNCTION = YES;
				GCC_WARN_UNUSED_VARIABLE = YES;
				IPHONEOS_DEPLOYMENT_TARGET = 16.4;
				MTL_ENABLE_DEBUG_INFO = NO;
				MTL_FAST_MATH = YES;
				SDKROOT = iphoneos;
				SWIFT_COMPILATION_MODE = wholemodule;
				SWIFT_OPTIMIZATION_LEVEL = "-O";
				VALIDATE_PRODUCT = YES;
			};
			name = Release;
		};
		6335C45B2A24A3870011F72D /* Debug */ = {
			isa = XCBuildConfiguration;
			buildSettings = {
				ASSETCATALOG_COMPILER_APPICON_NAME = AppIcon;
				ASSETCATALOG_COMPILER_GLOBAL_ACCENT_COLOR_NAME = AccentColor;
				CODE_SIGN_STYLE = Automatic;
				CURRENT_PROJECT_VERSION = 1;
				DEVELOPMENT_TEAM = 637FC6BUKX;
				GENERATE_INFOPLIST_FILE = YES;
				INFOPLIST_FILE = NewsApp/Info.plist;
				INFOPLIST_KEY_UIApplicationSupportsIndirectInputEvents = YES;
				INFOPLIST_KEY_UILaunchStoryboardName = LaunchScreen;
				INFOPLIST_KEY_UIMainStoryboardFile = Main;
				INFOPLIST_KEY_UISupportedInterfaceOrientations_iPad = "UIInterfaceOrientationPortrait UIInterfaceOrientationPortraitUpsideDown UIInterfaceOrientationLandscapeLeft UIInterfaceOrientationLandscapeRight";
				INFOPLIST_KEY_UISupportedInterfaceOrientations_iPhone = "UIInterfaceOrientationPortrait UIInterfaceOrientationLandscapeLeft UIInterfaceOrientationLandscapeRight";
				LD_RUNPATH_SEARCH_PATHS = (
					"$(inherited)",
					"@executable_path/Frameworks",
				);
				MARKETING_VERSION = 1.0;
				PRODUCT_BUNDLE_IDENTIFIER = com.ekenozlu.NewsApp;
				PRODUCT_NAME = "$(TARGET_NAME)";
				SWIFT_EMIT_LOC_STRINGS = YES;
				SWIFT_VERSION = 5.0;
				TARGETED_DEVICE_FAMILY = "1,2";
			};
			name = Debug;
		};
		6335C45C2A24A3870011F72D /* Release */ = {
			isa = XCBuildConfiguration;
			buildSettings = {
				ASSETCATALOG_COMPILER_APPICON_NAME = AppIcon;
				ASSETCATALOG_COMPILER_GLOBAL_ACCENT_COLOR_NAME = AccentColor;
				CODE_SIGN_STYLE = Automatic;
				CURRENT_PROJECT_VERSION = 1;
				DEVELOPMENT_TEAM = 637FC6BUKX;
				GENERATE_INFOPLIST_FILE = YES;
				INFOPLIST_FILE = NewsApp/Info.plist;
				INFOPLIST_KEY_UIApplicationSupportsIndirectInputEvents = YES;
				INFOPLIST_KEY_UILaunchStoryboardName = LaunchScreen;
				INFOPLIST_KEY_UIMainStoryboardFile = Main;
				INFOPLIST_KEY_UISupportedInterfaceOrientations_iPad = "UIInterfaceOrientationPortrait UIInterfaceOrientationPortraitUpsideDown UIInterfaceOrientationLandscapeLeft UIInterfaceOrientationLandscapeRight";
				INFOPLIST_KEY_UISupportedInterfaceOrientations_iPhone = "UIInterfaceOrientationPortrait UIInterfaceOrientationLandscapeLeft UIInterfaceOrientationLandscapeRight";
				LD_RUNPATH_SEARCH_PATHS = (
					"$(inherited)",
					"@executable_path/Frameworks",
				);
				MARKETING_VERSION = 1.0;
				PRODUCT_BUNDLE_IDENTIFIER = com.ekenozlu.NewsApp;
				PRODUCT_NAME = "$(TARGET_NAME)";
				SWIFT_EMIT_LOC_STRINGS = YES;
				SWIFT_VERSION = 5.0;
				TARGETED_DEVICE_FAMILY = "1,2";
			};
			name = Release;
		};
		6335C45E2A24A3870011F72D /* Debug */ = {
			isa = XCBuildConfiguration;
			buildSettings = {
				ALWAYS_EMBED_SWIFT_STANDARD_LIBRARIES = YES;
				BUNDLE_LOADER = "$(TEST_HOST)";
				CODE_SIGN_STYLE = Automatic;
				CURRENT_PROJECT_VERSION = 1;
				DEVELOPMENT_TEAM = 637FC6BUKX;
				GENERATE_INFOPLIST_FILE = YES;
				IPHONEOS_DEPLOYMENT_TARGET = 16.4;
				MARKETING_VERSION = 1.0;
				PRODUCT_BUNDLE_IDENTIFIER = com.ekenozlu.NewsAppTests;
				PRODUCT_NAME = "$(TARGET_NAME)";
				SWIFT_EMIT_LOC_STRINGS = NO;
				SWIFT_VERSION = 5.0;
				TARGETED_DEVICE_FAMILY = "1,2";
				TEST_HOST = "$(BUILT_PRODUCTS_DIR)/NewsApp.app/$(BUNDLE_EXECUTABLE_FOLDER_PATH)/NewsApp";
			};
			name = Debug;
		};
		6335C45F2A24A3870011F72D /* Release */ = {
			isa = XCBuildConfiguration;
			buildSettings = {
				ALWAYS_EMBED_SWIFT_STANDARD_LIBRARIES = YES;
				BUNDLE_LOADER = "$(TEST_HOST)";
				CODE_SIGN_STYLE = Automatic;
				CURRENT_PROJECT_VERSION = 1;
				DEVELOPMENT_TEAM = 637FC6BUKX;
				GENERATE_INFOPLIST_FILE = YES;
				IPHONEOS_DEPLOYMENT_TARGET = 16.4;
				MARKETING_VERSION = 1.0;
				PRODUCT_BUNDLE_IDENTIFIER = com.ekenozlu.NewsAppTests;
				PRODUCT_NAME = "$(TARGET_NAME)";
				SWIFT_EMIT_LOC_STRINGS = NO;
				SWIFT_VERSION = 5.0;
				TARGETED_DEVICE_FAMILY = "1,2";
				TEST_HOST = "$(BUILT_PRODUCTS_DIR)/NewsApp.app/$(BUNDLE_EXECUTABLE_FOLDER_PATH)/NewsApp";
			};
			name = Release;
		};
		6335C4612A24A3870011F72D /* Debug */ = {
			isa = XCBuildConfiguration;
			buildSettings = {
				ALWAYS_EMBED_SWIFT_STANDARD_LIBRARIES = YES;
				CODE_SIGN_STYLE = Automatic;
				CURRENT_PROJECT_VERSION = 1;
				DEVELOPMENT_TEAM = 637FC6BUKX;
				GENERATE_INFOPLIST_FILE = YES;
				MARKETING_VERSION = 1.0;
				PRODUCT_BUNDLE_IDENTIFIER = com.ekenozlu.NewsAppUITests;
				PRODUCT_NAME = "$(TARGET_NAME)";
				SWIFT_EMIT_LOC_STRINGS = NO;
				SWIFT_VERSION = 5.0;
				TARGETED_DEVICE_FAMILY = "1,2";
				TEST_TARGET_NAME = NewsApp;
			};
			name = Debug;
		};
		6335C4622A24A3870011F72D /* Release */ = {
			isa = XCBuildConfiguration;
			buildSettings = {
				ALWAYS_EMBED_SWIFT_STANDARD_LIBRARIES = YES;
				CODE_SIGN_STYLE = Automatic;
				CURRENT_PROJECT_VERSION = 1;
				DEVELOPMENT_TEAM = 637FC6BUKX;
				GENERATE_INFOPLIST_FILE = YES;
				MARKETING_VERSION = 1.0;
				PRODUCT_BUNDLE_IDENTIFIER = com.ekenozlu.NewsAppUITests;
				PRODUCT_NAME = "$(TARGET_NAME)";
				SWIFT_EMIT_LOC_STRINGS = NO;
				SWIFT_VERSION = 5.0;
				TARGETED_DEVICE_FAMILY = "1,2";
				TEST_TARGET_NAME = NewsApp;
			};
			name = Release;
		};
/* End XCBuildConfiguration section */

/* Begin XCConfigurationList section */
		6335C42B2A24A3850011F72D /* Build configuration list for PBXProject "NewsApp" */ = {
			isa = XCConfigurationList;
			buildConfigurations = (
				6335C4582A24A3870011F72D /* Debug */,
				6335C4592A24A3870011F72D /* Release */,
			);
			defaultConfigurationIsVisible = 0;
			defaultConfigurationName = Release;
		};
		6335C45A2A24A3870011F72D /* Build configuration list for PBXNativeTarget "NewsApp" */ = {
			isa = XCConfigurationList;
			buildConfigurations = (
				6335C45B2A24A3870011F72D /* Debug */,
				6335C45C2A24A3870011F72D /* Release */,
			);
			defaultConfigurationIsVisible = 0;
			defaultConfigurationName = Release;
		};
		6335C45D2A24A3870011F72D /* Build configuration list for PBXNativeTarget "NewsAppTests" */ = {
			isa = XCConfigurationList;
			buildConfigurations = (
				6335C45E2A24A3870011F72D /* Debug */,
				6335C45F2A24A3870011F72D /* Release */,
			);
			defaultConfigurationIsVisible = 0;
			defaultConfigurationName = Release;
		};
		6335C4602A24A3870011F72D /* Build configuration list for PBXNativeTarget "NewsAppUITests" */ = {
			isa = XCConfigurationList;
			buildConfigurations = (
				6335C4612A24A3870011F72D /* Debug */,
				6335C4622A24A3870011F72D /* Release */,
			);
			defaultConfigurationIsVisible = 0;
			defaultConfigurationName = Release;
		};
/* End XCConfigurationList section */
	};
	rootObject = 6335C4282A24A3850011F72D /* Project object */;
}
